
Microsoft Visual Studio Solution File, Format Version 12.00
# Visual Studio Version 17
VisualStudioVersion = 17.3.32929.385
MinimumVisualStudioVersion = 10.0.40219.1
Project("{FAE04EC0-301F-11D3-BF4B-00C04F79EFBC}") = "WzorceTikTakToe", "WzorceTikTakToe\WzorceTikTakToe.csproj", "{2B7E0BD2-52D9-4B8E-BF81-B06781063C27}"
EndProject
Global
	GlobalSection(SolutionConfigurationPlatforms) = preSolution
		Debug|Any CPU = Debug|Any CPU
		Release|Any CPU = Release|Any CPU
	EndGlobalSection
	GlobalSection(ProjectConfigurationPlatforms) = postSolution
		{2B7E0BD2-52D9-4B8E-BF81-B06781063C27}.Debug|Any CPU.ActiveCfg = Debug|Any CPU
		{2B7E0BD2-52D9-4B8E-BF81-B06781063C27}.Debug|Any CPU.Build.0 = Debug|Any CPU
		{2B7E0BD2-52D9-4B8E-BF81-B06781063C27}.Release|Any CPU.ActiveCfg = Release|Any CPU
		{2B7E0BD2-52D9-4B8E-BF81-B06781063C27}.Release|Any CPU.Build.0 = Release|Any CPU
	EndGlobalSection
	GlobalSection(SolutionProperties) = preSolution
		HideSolutionNode = FALSE
	EndGlobalSection
	GlobalSection(ExtensibilityGlobals) = postSolution
		SolutionGuid = {6649A65A-B293-489F-82A0-611A44999B14}
	EndGlobalSection
EndGlobal
